
Microsoft Visual Studio Solution File, Format Version 12.00
# Visual Studio Version 16
VisualStudioVersion = 16.0.30611.23
MinimumVisualStudioVersion = 10.0.40219.1
Project("{FAE04EC0-301F-11D3-BF4B-00C04F79EFBC}") = "CabInvoiceGenerator", "CabInvoiceGenerator.csproj", "{34791D83-2F70-4159-AD83-4EFFD07942C6}"
EndProject
Project("{FAE04EC0-301F-11D3-BF4B-00C04F79EFBC}") = "CabInvoiceUnitTest", "..\CabInvoiceUnitTest\CabInvoiceUnitTest.csproj", "{2A8FC2F5-D956-47D6-8C81-3C39CB76424C}"
EndProject
Global
	GlobalSection(SolutionConfigurationPlatforms) = preSolution
		Debug|Any CPU = Debug|Any CPU
		Release|Any CPU = Release|Any CPU
	EndGlobalSection
	GlobalSection(ProjectConfigurationPlatforms) = postSolution
		{34791D83-2F70-4159-AD83-4EFFD07942C6}.Debug|Any CPU.ActiveCfg = Debug|Any CPU
		{34791D83-2F70-4159-AD83-4EFFD07942C6}.Debug|Any CPU.Build.0 = Debug|Any CPU
		{34791D83-2F70-4159-AD83-4EFFD07942C6}.Release|Any CPU.ActiveCfg = Release|Any CPU
		{34791D83-2F70-4159-AD83-4EFFD07942C6}.Release|Any CPU.Build.0 = Release|Any CPU
		{2A8FC2F5-D956-47D6-8C81-3C39CB76424C}.Debug|Any CPU.ActiveCfg = Debug|Any CPU
		{2A8FC2F5-D956-47D6-8C81-3C39CB76424C}.Debug|Any CPU.Build.0 = Debug|Any CPU
		{2A8FC2F5-D956-47D6-8C81-3C39CB76424C}.Release|Any CPU.ActiveCfg = Release|Any CPU
		{2A8FC2F5-D956-47D6-8C81-3C39CB76424C}.Release|Any CPU.Build.0 = Release|Any CPU
	EndGlobalSection
	GlobalSection(SolutionProperties) = preSolution
		HideSolutionNode = FALSE
	EndGlobalSection
	GlobalSection(ExtensibilityGlobals) = postSolution
		SolutionGuid = {1D17A963-E156-425A-B10B-07DF001C4574}
	EndGlobalSection
EndGlobal
